
Microsoft Visual Studio Solution File, Format Version 12.00
# Visual Studio Version 17
VisualStudioVersion = 17.5.002.0
MinimumVisualStudioVersion = 10.0.40219.1
Project("{9A19103F-16F7-4668-BE54-9A1E7A4F7556}") = "CustomItem", "CustomItem.csproj", "{E6995472-FBA3-44A6-A93F-F7B7B4884584}"
EndProject
Global
	GlobalSection(SolutionConfigurationPlatforms) = preSolution
		Debug|Any CPU = Debug|Any CPU
		Release|Any CPU = Release|Any CPU
	EndGlobalSection
	GlobalSection(ProjectConfigurationPlatforms) = postSolution
		{E6995472-FBA3-44A6-A93F-F7B7B4884584}.Debug|Any CPU.ActiveCfg = Debug|Any CPU
		{E6995472-FBA3-44A6-A93F-F7B7B4884584}.Debug|Any CPU.Build.0 = Debug|Any CPU
		{E6995472-FBA3-44A6-A93F-F7B7B4884584}.Release|Any CPU.ActiveCfg = Release|Any CPU
		{E6995472-FBA3-44A6-A93F-F7B7B4884584}.Release|Any CPU.Build.0 = Release|Any CPU
	EndGlobalSection
	GlobalSection(SolutionProperties) = preSolution
		HideSolutionNode = FALSE
	EndGlobalSection
	GlobalSection(ExtensibilityGlobals) = postSolution
		SolutionGuid = {754FC019-DA5B-408E-A5FB-B1FCAF6A7186}
	EndGlobalSection
EndGlobal
